
Microsoft Visual Studio Solution File, Format Version 12.00
# Visual Studio Version 17
VisualStudioVersion = 17.4.33103.184
MinimumVisualStudioVersion = 10.0.40219.1
Project("{9A19103F-16F7-4668-BE54-9A1E7A4F7556}") = "Utilities.DotNet", "Lib\Utilities.DotNet.csproj", "{192B0800-49F3-47EE-9E4D-382123F8C552}"
EndProject
Project("{9A19103F-16F7-4668-BE54-9A1E7A4F7556}") = "Utilities.DotNet.Test", "Lib.Test\Utilities.DotNet.Test.csproj", "{BF0B0D40-19DE-47C5-B44E-0C5528B5A1E7}"
EndProject
Project("{9A19103F-16F7-4668-BE54-9A1E7A4F7556}") = "Utilities.DotNet.Exceptions", "Exceptions\Utilities.DotNet.Exceptions.csproj", "{81DB3458-DF94-4A7C-AA4E-7EBFC0FD2475}"
EndProject
Project("{9A19103F-16F7-4668-BE54-9A1E7A4F7556}") = "Utilities.DotNet.Exceptions.Test", "Exceptions.Test\Utilities.DotNet.Exceptions.Test.csproj", "{ED39D64E-2D4D-45D0-84F0-4E6A35D7E037}"
EndProject
Project("{9A19103F-16F7-4668-BE54-9A1E7A4F7556}") = "Utilities.DotNet.XML", "XML\Utilities.DotNet.XML.csproj", "{B44CF621-1CCB-4E14-9089-22AC43AC7BC6}"
EndProject
Project("{9A19103F-16F7-4668-BE54-9A1E7A4F7556}") = "Utilities.DotNet.XML.Test", "XML.Test\Utilities.DotNet.XML.Test.csproj", "{126B44B3-FE6C-453F-B7E2-1AC1ACF79C91}"
EndProject
Project("{9A19103F-16F7-4668-BE54-9A1E7A4F7556}") = "Utilities.DotNet.Types", "Types\Utilities.DotNet.Types.csproj", "{E625C00D-53F4-480A-81B9-2ACC0AC170F5}"
EndProject
Project("{9A19103F-16F7-4668-BE54-9A1E7A4F7556}") = "Utilities.DotNet.Types.Test", "Types.Test\Utilities.DotNet.Types.Test.csproj", "{874D78B8-8866-4180-B322-AC5B305D8D1F}"
EndProject
Project("{9A19103F-16F7-4668-BE54-9A1E7A4F7556}") = "Utilities.DotNet.Collections", "Collections\Utilities.DotNet.Collections.csproj", "{46BCDC39-05EE-447B-9FE2-1FA9ABF5803D}"
EndProject
Project("{9A19103F-16F7-4668-BE54-9A1E7A4F7556}") = "Utilities.DotNet.Collections.Test", "Collections.Test\Utilities.DotNet.Collections.Test.csproj", "{F46A860C-A917-48F0-AB13-15608DC3A3B3}"
EndProject
Global
	GlobalSection(SolutionConfigurationPlatforms) = preSolution
		Debug No-I18N|Any CPU = Debug No-I18N|Any CPU
		Debug|Any CPU = Debug|Any CPU
		Release No-I18N|Any CPU = Release No-I18N|Any CPU
		Release|Any CPU = Release|Any CPU
	EndGlobalSection
	GlobalSection(ProjectConfigurationPlatforms) = postSolution
		{192B0800-49F3-47EE-9E4D-382123F8C552}.Debug No-I18N|Any CPU.ActiveCfg = Debug|Any CPU
		{192B0800-49F3-47EE-9E4D-382123F8C552}.Debug No-I18N|Any CPU.Build.0 = Debug|Any CPU
		{192B0800-49F3-47EE-9E4D-382123F8C552}.Debug|Any CPU.ActiveCfg = Debug|Any CPU
		{192B0800-49F3-47EE-9E4D-382123F8C552}.Debug|Any CPU.Build.0 = Debug|Any CPU
		{192B0800-49F3-47EE-9E4D-382123F8C552}.Release No-I18N|Any CPU.ActiveCfg = Release|Any CPU
		{192B0800-49F3-47EE-9E4D-382123F8C552}.Release No-I18N|Any CPU.Build.0 = Release|Any CPU
		{192B0800-49F3-47EE-9E4D-382123F8C552}.Release|Any CPU.ActiveCfg = Release|Any CPU
		{192B0800-49F3-47EE-9E4D-382123F8C552}.Release|Any CPU.Build.0 = Release|Any CPU
		{BF0B0D40-19DE-47C5-B44E-0C5528B5A1E7}.Debug No-I18N|Any CPU.ActiveCfg = Debug|Any CPU
		{BF0B0D40-19DE-47C5-B44E-0C5528B5A1E7}.Debug No-I18N|Any CPU.Build.0 = Debug|Any CPU
		{BF0B0D40-19DE-47C5-B44E-0C5528B5A1E7}.Debug|Any CPU.ActiveCfg = Debug|Any CPU
		{BF0B0D40-19DE-47C5-B44E-0C5528B5A1E7}.Debug|Any CPU.Build.0 = Debug|Any CPU
		{BF0B0D40-19DE-47C5-B44E-0C5528B5A1E7}.Release No-I18N|Any CPU.ActiveCfg = Release|Any CPU
		{BF0B0D40-19DE-47C5-B44E-0C5528B5A1E7}.Release No-I18N|Any CPU.Build.0 = Release|Any CPU
		{BF0B0D40-19DE-47C5-B44E-0C5528B5A1E7}.Release|Any CPU.ActiveCfg = Release|Any CPU
		{BF0B0D40-19DE-47C5-B44E-0C5528B5A1E7}.Release|Any CPU.Build.0 = Release|Any CPU
		{81DB3458-DF94-4A7C-AA4E-7EBFC0FD2475}.Debug No-I18N|Any CPU.ActiveCfg = Debug No-I18N|Any CPU
		{81DB3458-DF94-4A7C-AA4E-7EBFC0FD2475}.Debug No-I18N|Any CPU.Build.0 = Debug No-I18N|Any CPU
		{81DB3458-DF94-4A7C-AA4E-7EBFC0FD2475}.Debug|Any CPU.ActiveCfg = Debug|Any CPU
		{81DB3458-DF94-4A7C-AA4E-7EBFC0FD2475}.Debug|Any CPU.Build.0 = Debug|Any CPU
		{81DB3458-DF94-4A7C-AA4E-7EBFC0FD2475}.Release No-I18N|Any CPU.ActiveCfg = Release No-I18N|Any CPU
		{81DB3458-DF94-4A7C-AA4E-7EBFC0FD2475}.Release No-I18N|Any CPU.Build.0 = Release No-I18N|Any CPU
		{81DB3458-DF94-4A7C-AA4E-7EBFC0FD2475}.Release|Any CPU.ActiveCfg = Release|Any CPU
		{81DB3458-DF94-4A7C-AA4E-7EBFC0FD2475}.Release|Any CPU.Build.0 = Release|Any CPU
		{ED39D64E-2D4D-45D0-84F0-4E6A35D7E037}.Debug No-I18N|Any CPU.ActiveCfg = Debug No-I18N|Any CPU
		{ED39D64E-2D4D-45D0-84F0-4E6A35D7E037}.Debug No-I18N|Any CPU.Build.0 = Debug No-I18N|Any CPU
		{ED39D64E-2D4D-45D0-84F0-4E6A35D7E037}.Debug|Any CPU.ActiveCfg = Debug|Any CPU
		{ED39D64E-2D4D-45D0-84F0-4E6A35D7E037}.Debug|Any CPU.Build.0 = Debug|Any CPU
		{ED39D64E-2D4D-45D0-84F0-4E6A35D7E037}.Release No-I18N|Any CPU.ActiveCfg = Release No-I18N|Any CPU
		{ED39D64E-2D4D-45D0-84F0-4E6A35D7E037}.Release No-I18N|Any CPU.Build.0 = Release No-I18N|Any CPU
		{ED39D64E-2D4D-45D0-84F0-4E6A35D7E037}.Release|Any CPU.ActiveCfg = Release|Any CPU
		{ED39D64E-2D4D-45D0-84F0-4E6A35D7E037}.Release|Any CPU.Build.0 = Release|Any CPU
		{B44CF621-1CCB-4E14-9089-22AC43AC7BC6}.Debug No-I18N|Any CPU.ActiveCfg = Debug No-I18N|Any CPU
		{B44CF621-1CCB-4E14-9089-22AC43AC7BC6}.Debug No-I18N|Any CPU.Build.0 = Debug No-I18N|Any CPU
		{B44CF621-1CCB-4E14-9089-22AC43AC7BC6}.Debug|Any CPU.ActiveCfg = Debug|Any CPU
		{B44CF621-1CCB-4E14-9089-22AC43AC7BC6}.Debug|Any CPU.Build.0 = Debug|Any CPU
		{B44CF621-1CCB-4E14-9089-22AC43AC7BC6}.Release No-I18N|Any CPU.ActiveCfg = Release No-I18N|Any CPU
		{B44CF621-1CCB-4E14-9089-22AC43AC7BC6}.Release No-I18N|Any CPU.Build.0 = Release No-I18N|Any CPU
		{B44CF621-1CCB-4E14-9089-22AC43AC7BC6}.Release|Any CPU.ActiveCfg = Release|Any CPU
		{B44CF621-1CCB-4E14-9089-22AC43AC7BC6}.Release|Any CPU.Build.0 = Release|Any CPU
		{126B44B3-FE6C-453F-B7E2-1AC1ACF79C91}.Debug No-I18N|Any CPU.ActiveCfg = Debug No-I18N|Any CPU
		{126B44B3-FE6C-453F-B7E2-1AC1ACF79C91}.Debug No-I18N|Any CPU.Build.0 = Debug No-I18N|Any CPU
		{126B44B3-FE6C-453F-B7E2-1AC1ACF79C91}.Debug|Any CPU.ActiveCfg = Debug|Any CPU
		{126B44B3-FE6C-453F-B7E2-1AC1ACF79C91}.Debug|Any CPU.Build.0 = Debug|Any CPU
		{126B44B3-FE6C-453F-B7E2-1AC1ACF79C91}.Release No-I18N|Any CPU.ActiveCfg = Release No-I18N|Any CPU
		{126B44B3-FE6C-453F-B7E2-1AC1ACF79C91}.Release No-I18N|Any CPU.Build.0 = Release No-I18N|Any CPU
		{126B44B3-FE6C-453F-B7E2-1AC1ACF79C91}.Release|Any CPU.ActiveCfg = Release|Any CPU
		{126B44B3-FE6C-453F-B7E2-1AC1ACF79C91}.Release|Any CPU.Build.0 = Release|Any CPU
		{E625C00D-53F4-480A-81B9-2ACC0AC170F5}.Debug No-I18N|Any CPU.ActiveCfg = Debug No-I18N|Any CPU
		{E625C00D-53F4-480A-81B9-2ACC0AC170F5}.Debug No-I18N|Any CPU.Build.0 = Debug No-I18N|Any CPU
		{E625C00D-53F4-480A-81B9-2ACC0AC170F5}.Debug|Any CPU.ActiveCfg = Debug|Any CPU
		{E625C00D-53F4-480A-81B9-2ACC0AC170F5}.Debug|Any CPU.Build.0 = Debug|Any CPU
		{E625C00D-53F4-480A-81B9-2ACC0AC170F5}.Release No-I18N|Any CPU.ActiveCfg = Release No-I18N|Any CPU
		{E625C00D-53F4-480A-81B9-2ACC0AC170F5}.Release No-I18N|Any CPU.Build.0 = Release No-I18N|Any CPU
		{E625C00D-53F4-480A-81B9-2ACC0AC170F5}.Release|Any CPU.ActiveCfg = Release|Any CPU
		{E625C00D-53F4-480A-81B9-2ACC0AC170F5}.Release|Any CPU.Build.0 = Release|Any CPU
		{874D78B8-8866-4180-B322-AC5B305D8D1F}.Debug No-I18N|Any CPU.ActiveCfg = Debug No-I18N|Any CPU
		{874D78B8-8866-4180-B322-AC5B305D8D1F}.Debug No-I18N|Any CPU.Build.0 = Debug No-I18N|Any CPU
		{874D78B8-8866-4180-B322-AC5B305D8D1F}.Debug|Any CPU.ActiveCfg = Debug|Any CPU
		{874D78B8-8866-4180-B322-AC5B305D8D1F}.Debug|Any CPU.Build.0 = Debug|Any CPU
		{874D78B8-8866-4180-B322-AC5B305D8D1F}.Release No-I18N|Any CPU.ActiveCfg = Release No-I18N|Any CPU
		{874D78B8-8866-4180-B322-AC5B305D8D1F}.Release No-I18N|Any CPU.Build.0 = Release No-I18N|Any CPU
		{874D78B8-8866-4180-B322-AC5B305D8D1F}.Release|Any CPU.ActiveCfg = Release|Any CPU
		{874D78B8-8866-4180-B322-AC5B305D8D1F}.Release|Any CPU.Build.0 = Release|Any CPU
		{46BCDC39-05EE-447B-9FE2-1FA9ABF5803D}.Debug No-I18N|Any CPU.ActiveCfg = Debug|Any CPU
		{46BCDC39-05EE-447B-9FE2-1FA9ABF5803D}.Debug No-I18N|Any CPU.Build.0 = Debug|Any CPU
		{46BCDC39-05EE-447B-9FE2-1FA9ABF5803D}.Debug|Any CPU.ActiveCfg = Debug|Any CPU
		{46BCDC39-05EE-447B-9FE2-1FA9ABF5803D}.Debug|Any CPU.Build.0 = Debug|Any CPU
		{46BCDC39-05EE-447B-9FE2-1FA9ABF5803D}.Release No-I18N|Any CPU.ActiveCfg = Release|Any CPU
		{46BCDC39-05EE-447B-9FE2-1FA9ABF5803D}.Release No-I18N|Any CPU.Build.0 = Release|Any CPU
		{46BCDC39-05EE-447B-9FE2-1FA9ABF5803D}.Release|Any CPU.ActiveCfg = Release|Any CPU
		{46BCDC39-05EE-447B-9FE2-1FA9ABF5803D}.Release|Any CPU.Build.0 = Release|Any CPU
		{F46A860C-A917-48F0-AB13-15608DC3A3B3}.Debug No-I18N|Any CPU.ActiveCfg = Debug|Any CPU
		{F46A860C-A917-48F0-AB13-15608DC3A3B3}.Debug No-I18N|Any CPU.Build.0 = Debug|Any CPU
		{F46A860C-A917-48F0-AB13-15608DC3A3B3}.Debug|Any CPU.ActiveCfg = Debug|Any CPU
		{F46A860C-A917-48F0-AB13-15608DC3A3B3}.Debug|Any CPU.Build.0 = Debug|Any CPU
		{F46A860C-A917-48F0-AB13-15608DC3A3B3}.Release No-I18N|Any CPU.ActiveCfg = Release|Any CPU
		{F46A860C-A917-48F0-AB13-15608DC3A3B3}.Release No-I18N|Any CPU.Build.0 = Release|Any CPU
		{F46A860C-A917-48F0-AB13-15608DC3A3B3}.Release|Any CPU.ActiveCfg = Release|Any CPU
		{F46A860C-A917-48F0-AB13-15608DC3A3B3}.Release|Any CPU.Build.0 = Release|Any CPU
	EndGlobalSection
	GlobalSection(SolutionProperties) = preSolution
		HideSolutionNode = FALSE
	EndGlobalSection
	GlobalSection(ExtensibilityGlobals) = postSolution
		SolutionGuid = {9F3B8C81-FF2B-4DB4-8E86-825EEA67F64E}
	EndGlobalSection
EndGlobal
